
Microsoft Visual Studio Solution File, Format Version 12.00
# Visual Studio 15
VisualStudioVersion = 15.0.28307.168
MinimumVisualStudioVersion = 10.0.40219.1
Project("{FAE04EC0-301F-11D3-BF4B-00C04F79EFBC}") = "GamexEntity", "GamexEntity\GamexEntity.csproj", "{88798F6C-DCFD-40A4-94FE-3FB7B07883EB}"
EndProject
Project("{FAE04EC0-301F-11D3-BF4B-00C04F79EFBC}") = "GamexRepository", "GamexRepository\GamexRepository.csproj", "{15D249F3-2F5E-47A1-A287-6AE36AACEA2E}"
EndProject
Project("{FAE04EC0-301F-11D3-BF4B-00C04F79EFBC}") = "GamexService", "GamexService\GamexService.csproj", "{D6FAC503-6C69-4499-AFF5-76389F52877F}"
EndProject
Project("{FAE04EC0-301F-11D3-BF4B-00C04F79EFBC}") = "GamexWeb", "GamexWeb\GamexWeb.csproj", "{7CEB1CF0-2E6D-4DE0-96E6-3E976CFB9F46}"
EndProject
Project("{FAE04EC0-301F-11D3-BF4B-00C04F79EFBC}") = "GamexApi", "GamexApi\GamexApi.csproj", "{87835C3A-BB37-48C6-A0D6-FDCC1C8F305B}"
EndProject
Project("{FAE04EC0-301F-11D3-BF4B-00C04F79EFBC}") = "GamexApiService", "GamexApiService\GamexApiService.csproj", "{F96ED207-A764-4696-8D23-F4CF86349138}"
EndProject
Global
	GlobalSection(SolutionConfigurationPlatforms) = preSolution
		Debug|Any CPU = Debug|Any CPU
		Release|Any CPU = Release|Any CPU
	EndGlobalSection
	GlobalSection(ProjectConfigurationPlatforms) = postSolution
		{88798F6C-DCFD-40A4-94FE-3FB7B07883EB}.Debug|Any CPU.ActiveCfg = Debug|Any CPU
		{88798F6C-DCFD-40A4-94FE-3FB7B07883EB}.Debug|Any CPU.Build.0 = Debug|Any CPU
		{88798F6C-DCFD-40A4-94FE-3FB7B07883EB}.Release|Any CPU.ActiveCfg = Release|Any CPU
		{88798F6C-DCFD-40A4-94FE-3FB7B07883EB}.Release|Any CPU.Build.0 = Release|Any CPU
		{15D249F3-2F5E-47A1-A287-6AE36AACEA2E}.Debug|Any CPU.ActiveCfg = Debug|Any CPU
		{15D249F3-2F5E-47A1-A287-6AE36AACEA2E}.Debug|Any CPU.Build.0 = Debug|Any CPU
		{15D249F3-2F5E-47A1-A287-6AE36AACEA2E}.Release|Any CPU.ActiveCfg = Release|Any CPU
		{15D249F3-2F5E-47A1-A287-6AE36AACEA2E}.Release|Any CPU.Build.0 = Release|Any CPU
		{D6FAC503-6C69-4499-AFF5-76389F52877F}.Debug|Any CPU.ActiveCfg = Debug|Any CPU
		{D6FAC503-6C69-4499-AFF5-76389F52877F}.Debug|Any CPU.Build.0 = Debug|Any CPU
		{D6FAC503-6C69-4499-AFF5-76389F52877F}.Release|Any CPU.ActiveCfg = Release|Any CPU
		{D6FAC503-6C69-4499-AFF5-76389F52877F}.Release|Any CPU.Build.0 = Release|Any CPU
		{7CEB1CF0-2E6D-4DE0-96E6-3E976CFB9F46}.Debug|Any CPU.ActiveCfg = Debug|Any CPU
		{7CEB1CF0-2E6D-4DE0-96E6-3E976CFB9F46}.Debug|Any CPU.Build.0 = Debug|Any CPU
		{7CEB1CF0-2E6D-4DE0-96E6-3E976CFB9F46}.Release|Any CPU.ActiveCfg = Release|Any CPU
		{7CEB1CF0-2E6D-4DE0-96E6-3E976CFB9F46}.Release|Any CPU.Build.0 = Release|Any CPU
		{87835C3A-BB37-48C6-A0D6-FDCC1C8F305B}.Debug|Any CPU.ActiveCfg = Debug|Any CPU
		{87835C3A-BB37-48C6-A0D6-FDCC1C8F305B}.Debug|Any CPU.Build.0 = Debug|Any CPU
		{87835C3A-BB37-48C6-A0D6-FDCC1C8F305B}.Release|Any CPU.ActiveCfg = Release|Any CPU
		{87835C3A-BB37-48C6-A0D6-FDCC1C8F305B}.Release|Any CPU.Build.0 = Release|Any CPU
		{F96ED207-A764-4696-8D23-F4CF86349138}.Debug|Any CPU.ActiveCfg = Debug|Any CPU
		{F96ED207-A764-4696-8D23-F4CF86349138}.Debug|Any CPU.Build.0 = Debug|Any CPU
		{F96ED207-A764-4696-8D23-F4CF86349138}.Release|Any CPU.ActiveCfg = Release|Any CPU
		{F96ED207-A764-4696-8D23-F4CF86349138}.Release|Any CPU.Build.0 = Release|Any CPU
	EndGlobalSection
	GlobalSection(SolutionProperties) = preSolution
		HideSolutionNode = FALSE
	EndGlobalSection
	GlobalSection(ExtensibilityGlobals) = postSolution
		SolutionGuid = {E72F4B7E-348D-443C-A2AD-E990DC7C8723}
	EndGlobalSection
EndGlobal
